
Microsoft Visual Studio Solution File, Format Version 12.00
Project("{FAE04EC0-301F-11D3-BF4B-00C04F79EFBC}") = "LXGaming.Achievements", "LXGaming.Achievements\LXGaming.Achievements.csproj", "{F4A0CEEF-2F47-4156-8969-80D21FA20FAA}"
EndProject
Global
	GlobalSection(SolutionConfigurationPlatforms) = preSolution
		Debug|Any CPU = Debug|Any CPU
		Release|Any CPU = Release|Any CPU
	EndGlobalSection
	GlobalSection(ProjectConfigurationPlatforms) = postSolution
		{F4A0CEEF-2F47-4156-8969-80D21FA20FAA}.Debug|Any CPU.ActiveCfg = Debug|Any CPU
		{F4A0CEEF-2F47-4156-8969-80D21FA20FAA}.Debug|Any CPU.Build.0 = Debug|Any CPU
		{F4A0CEEF-2F47-4156-8969-80D21FA20FAA}.Release|Any CPU.ActiveCfg = Release|Any CPU
		{F4A0CEEF-2F47-4156-8969-80D21FA20FAA}.Release|Any CPU.Build.0 = Release|Any CPU
	EndGlobalSection
EndGlobal
